
Microsoft Visual Studio Solution File, Format Version 12.00
# Visual Studio Version 17
VisualStudioVersion = 17.1.32421.90
MinimumVisualStudioVersion = 10.0.40219.1
Project("{9A19103F-16F7-4668-BE54-9A1E7A4F7556}") = "iSpend.Domain", "iSpend.Domain\iSpend.Domain.csproj", "{F67897C1-6C72-4AA6-BA39-CF3B521005AD}"
EndProject
Project("{9A19103F-16F7-4668-BE54-9A1E7A4F7556}") = "iSpend.Application", "iSpend.Application\iSpend.Application.csproj", "{DD26086C-43D0-4B4F-8856-60435D42CB8B}"
EndProject
Project("{9A19103F-16F7-4668-BE54-9A1E7A4F7556}") = "iSpend.Infra.Data", "iSpend.Infra.Data\iSpend.Infra.Data.csproj", "{098DF66C-D6AC-4E16-AA12-BC3249E493E9}"
EndProject
Project("{9A19103F-16F7-4668-BE54-9A1E7A4F7556}") = "iSpend.Infra.IoC", "iSpend.Infra.IoC\iSpend.Infra.IoC.csproj", "{DE854A27-D9B5-4F4B-B7D6-12C16D7AA620}"
EndProject
Project("{9A19103F-16F7-4668-BE54-9A1E7A4F7556}") = "iSpend.API", "iSpend.API\iSpend.API.csproj", "{8DE1ECD4-808D-4F2D-AC7B-67932A738DC5}"
EndProject
Project("{FAE04EC0-301F-11D3-BF4B-00C04F79EFBC}") = "iSpend.Benchmarks", "iSpend.Benchmarks\iSpend.Benchmarks.csproj", "{E1AA0135-394E-4FFB-B387-1048BD5D906F}"
EndProject
Global
	GlobalSection(SolutionConfigurationPlatforms) = preSolution
		Debug|Any CPU = Debug|Any CPU
		Release|Any CPU = Release|Any CPU
	EndGlobalSection
	GlobalSection(ProjectConfigurationPlatforms) = postSolution
		{F67897C1-6C72-4AA6-BA39-CF3B521005AD}.Debug|Any CPU.ActiveCfg = Debug|Any CPU
		{F67897C1-6C72-4AA6-BA39-CF3B521005AD}.Debug|Any CPU.Build.0 = Debug|Any CPU
		{F67897C1-6C72-4AA6-BA39-CF3B521005AD}.Release|Any CPU.ActiveCfg = Release|Any CPU
		{F67897C1-6C72-4AA6-BA39-CF3B521005AD}.Release|Any CPU.Build.0 = Release|Any CPU
		{DD26086C-43D0-4B4F-8856-60435D42CB8B}.Debug|Any CPU.ActiveCfg = Debug|Any CPU
		{DD26086C-43D0-4B4F-8856-60435D42CB8B}.Debug|Any CPU.Build.0 = Debug|Any CPU
		{DD26086C-43D0-4B4F-8856-60435D42CB8B}.Release|Any CPU.ActiveCfg = Release|Any CPU
		{DD26086C-43D0-4B4F-8856-60435D42CB8B}.Release|Any CPU.Build.0 = Release|Any CPU
		{098DF66C-D6AC-4E16-AA12-BC3249E493E9}.Debug|Any CPU.ActiveCfg = Debug|Any CPU
		{098DF66C-D6AC-4E16-AA12-BC3249E493E9}.Debug|Any CPU.Build.0 = Debug|Any CPU
		{098DF66C-D6AC-4E16-AA12-BC3249E493E9}.Release|Any CPU.ActiveCfg = Release|Any CPU
		{098DF66C-D6AC-4E16-AA12-BC3249E493E9}.Release|Any CPU.Build.0 = Release|Any CPU
		{DE854A27-D9B5-4F4B-B7D6-12C16D7AA620}.Debug|Any CPU.ActiveCfg = Debug|Any CPU
		{DE854A27-D9B5-4F4B-B7D6-12C16D7AA620}.Debug|Any CPU.Build.0 = Debug|Any CPU
		{DE854A27-D9B5-4F4B-B7D6-12C16D7AA620}.Release|Any CPU.ActiveCfg = Release|Any CPU
		{DE854A27-D9B5-4F4B-B7D6-12C16D7AA620}.Release|Any CPU.Build.0 = Release|Any CPU
		{8DE1ECD4-808D-4F2D-AC7B-67932A738DC5}.Debug|Any CPU.ActiveCfg = Debug|Any CPU
		{8DE1ECD4-808D-4F2D-AC7B-67932A738DC5}.Debug|Any CPU.Build.0 = Debug|Any CPU
		{8DE1ECD4-808D-4F2D-AC7B-67932A738DC5}.Release|Any CPU.ActiveCfg = Release|Any CPU
		{8DE1ECD4-808D-4F2D-AC7B-67932A738DC5}.Release|Any CPU.Build.0 = Release|Any CPU
		{E1AA0135-394E-4FFB-B387-1048BD5D906F}.Debug|Any CPU.ActiveCfg = Debug|Any CPU
		{E1AA0135-394E-4FFB-B387-1048BD5D906F}.Debug|Any CPU.Build.0 = Debug|Any CPU
		{E1AA0135-394E-4FFB-B387-1048BD5D906F}.Release|Any CPU.ActiveCfg = Release|Any CPU
		{E1AA0135-394E-4FFB-B387-1048BD5D906F}.Release|Any CPU.Build.0 = Release|Any CPU
	EndGlobalSection
	GlobalSection(SolutionProperties) = preSolution
		HideSolutionNode = FALSE
	EndGlobalSection
	GlobalSection(ExtensibilityGlobals) = postSolution
		SolutionGuid = {232DDA80-4C77-403C-84A5-9C43BB9874D3}
	EndGlobalSection
EndGlobal
